// !$*UTF8*$!
{
	archiveVersion = 1;
	classes = {
	};
	objectVersion = 50;
	objects = {

/* Begin PBXBuildFile section */
		B2B9658BC98BA82968A5D1FB /* Pods_Limited.framework in Frameworks */ = {isa = PBXBuildFile; fileRef = 329047DAB64153E3DA3FBECC /* Pods_Limited.framework */; };
		CC009FF02144463100E5AFF7 /* Item.swift in Sources */ = {isa = PBXBuildFile; fileRef = CC009FEF2144463100E5AFF7 /* Item.swift */; };
		CC009FF22144474200E5AFF7 /* ItemTableViewController.swift in Sources */ = {isa = PBXBuildFile; fileRef = CC009FF12144474200E5AFF7 /* ItemTableViewController.swift */; };
		CC124BA5220EFC94009D9B77 /* LimitedTests.swift in Sources */ = {isa = PBXBuildFile; fileRef = CC124BA4220EFC94009D9B77 /* LimitedTests.swift */; };
		CC124BAE220EFD95009D9B77 /* UIColorExtensions.swift in Sources */ = {isa = PBXBuildFile; fileRef = CC124BAD220EFD95009D9B77 /* UIColorExtensions.swift */; };
		CC124BB0220EFE20009D9B77 /* UIViewControllerExtensions.swift in Sources */ = {isa = PBXBuildFile; fileRef = CC124BAF220EFE20009D9B77 /* UIViewControllerExtensions.swift */; };
		CC2CF6162142CDAC00F9EDB6 /* AppDelegate.swift in Sources */ = {isa = PBXBuildFile; fileRef = CC2CF6152142CDAC00F9EDB6 /* AppDelegate.swift */; };
		CC2CF61B2142CDAC00F9EDB6 /* Main.storyboard in Resources */ = {isa = PBXBuildFile; fileRef = CC2CF6192142CDAC00F9EDB6 /* Main.storyboard */; };
		CC2CF61D2142CDAE00F9EDB6 /* Assets.xcassets in Resources */ = {isa = PBXBuildFile; fileRef = CC2CF61C2142CDAE00F9EDB6 /* Assets.xcassets */; };
		CC2CF6202142CDAE00F9EDB6 /* LaunchScreen.storyboard in Resources */ = {isa = PBXBuildFile; fileRef = CC2CF61E2142CDAE00F9EDB6 /* LaunchScreen.storyboard */; };
		CC2CF6282142CFDC00F9EDB6 /* CategoryTableViewController.swift in Sources */ = {isa = PBXBuildFile; fileRef = CC2CF6272142CFDC00F9EDB6 /* CategoryTableViewController.swift */; };
		CC2CF62D2142D24C00F9EDB6 /* Category.swift in Sources */ = {isa = PBXBuildFile; fileRef = CC2CF62C2142D24C00F9EDB6 /* Category.swift */; };
		CC2CF62F2142DF9000F9EDB6 /* AddCategoryViewController.swift in Sources */ = {isa = PBXBuildFile; fileRef = CC2CF62E2142DF9000F9EDB6 /* AddCategoryViewController.swift */; };
		CC51DEB421456423005CCC7A /* images in Resources */ = {isa = PBXBuildFile; fileRef = CC51DEB321456423005CCC7A /* images */; };
		CC5471C92145127000C8F9D1 /* CurrentItemViewController.swift in Sources */ = {isa = PBXBuildFile; fileRef = CC5471C82145127000C8F9D1 /* CurrentItemViewController.swift */; };
		CC5471CB214516F400C8F9D1 /* AddItemViewController.swift in Sources */ = {isa = PBXBuildFile; fileRef = CC5471CA214516F400C8F9D1 /* AddItemViewController.swift */; };
		CC5471CD214531E200C8F9D1 /* EditCurrentItemViewController.swift in Sources */ = {isa = PBXBuildFile; fileRef = CC5471CC214531E200C8F9D1 /* EditCurrentItemViewController.swift */; };
		CC6C73EE214666FF00ED3D12 /* ItemTableViewCell.swift in Sources */ = {isa = PBXBuildFile; fileRef = CC6C73ED214666FF00ED3D12 /* ItemTableViewCell.swift */; };
		CC6C73F02146B13F00ED3D12 /* timerDone.mp3 in Resources */ = {isa = PBXBuildFile; fileRef = CC6C73EF2146B13F00ED3D12 /* timerDone.mp3 */; };
		CCA10CE4214AC64300051BF5 /* DoneCategoryTableViewController.swift in Sources */ = {isa = PBXBuildFile; fileRef = CCA10CE3214AC64300051BF5 /* DoneCategoryTableViewController.swift */; };
		CCA10CE6214ACB1A00051BF5 /* DoneItemTableViewController.swift in Sources */ = {isa = PBXBuildFile; fileRef = CCA10CE5214ACB1A00051BF5 /* DoneItemTableViewController.swift */; };
/* End PBXBuildFile section */

/* Begin PBXContainerItemProxy section */
		CC124BA7220EFC94009D9B77 /* PBXContainerItemProxy */ = {
			isa = PBXContainerItemProxy;
			containerPortal = CC2CF60A2142CDAC00F9EDB6 /* Project object */;
			proxyType = 1;
			remoteGlobalIDString = CC2CF6112142CDAC00F9EDB6;
			remoteInfo = Limited;
		};
/* End PBXContainerItemProxy section */

/* Begin PBXFileReference section */
		329047DAB64153E3DA3FBECC /* Pods_Limited.framework */ = {isa = PBXFileReference; explicitFileType = wrapper.framework; includeInIndex = 0; path = Pods_Limited.framework; sourceTree = BUILT_PRODUCTS_DIR; };
		A05D9ADF780CA21B7376459A /* Pods-Limited.debug.xcconfig */ = {isa = PBXFileReference; includeInIndex = 1; lastKnownFileType = text.xcconfig; name = "Pods-Limited.debug.xcconfig"; path = "Pods/Target Support Files/Pods-Limited/Pods-Limited.debug.xcconfig"; sourceTree = "<group>"; };
		BB244934E684618C87250286 /* Pods-Limited.release.xcconfig */ = {isa = PBXFileReference; includeInIndex = 1; lastKnownFileType = text.xcconfig; name = "Pods-Limited.release.xcconfig"; path = "Pods/Target Support Files/Pods-Limited/Pods-Limited.release.xcconfig"; sourceTree = "<group>"; };
		CC009FEF2144463100E5AFF7 /* Item.swift */ = {isa = PBXFileReference; lastKnownFileType = sourcecode.swift; path = Item.swift; sourceTree = "<group>"; };
		CC009FF12144474200E5AFF7 /* ItemTableViewController.swift */ = {isa = PBXFileReference; lastKnownFileType = sourcecode.swift; path = ItemTableViewController.swift; sourceTree = "<group>"; };
		CC124BA2220EFC94009D9B77 /* LimitedTests.xctest */ = {isa = PBXFileReference; explicitFileType = wrapper.cfbundle; includeInIndex = 0; path = LimitedTests.xctest; sourceTree = BUILT_PRODUCTS_DIR; };
		CC124BA4220EFC94009D9B77 /* LimitedTests.swift */ = {isa = PBXFileReference; lastKnownFileType = sourcecode.swift; path = LimitedTests.swift; sourceTree = "<group>"; };
		CC124BA6220EFC94009D9B77 /* Info.plist */ = {isa = PBXFileReference; lastKnownFileType = text.plist.xml; path = Info.plist; sourceTree = "<group>"; };
		CC124BAD220EFD95009D9B77 /* UIColorExtensions.swift */ = {isa = PBXFileReference; lastKnownFileType = sourcecode.swift; path = UIColorExtensions.swift; sourceTree = "<group>"; };
		CC124BAF220EFE20009D9B77 /* UIViewControllerExtensions.swift */ = {isa = PBXFileReference; lastKnownFileType = sourcecode.swift; path = UIViewControllerExtensions.swift; sourceTree = "<group>"; };
		CC2CF6122142CDAC00F9EDB6 /* Limited.app */ = {isa = PBXFileReference; explicitFileType = wrapper.application; includeInIndex = 0; path = Limited.app; sourceTree = BUILT_PRODUCTS_DIR; };
		CC2CF6152142CDAC00F9EDB6 /* AppDelegate.swift */ = {isa = PBXFileReference; lastKnownFileType = sourcecode.swift; path = AppDelegate.swift; sourceTree = "<group>"; };
		CC2CF61A2142CDAC00F9EDB6 /* Base */ = {isa = PBXFileReference; lastKnownFileType = file.storyboard; name = Base; path = Base.lproj/Main.storyboard; sourceTree = "<group>"; };
		CC2CF61C2142CDAE00F9EDB6 /* Assets.xcassets */ = {isa = PBXFileReference; lastKnownFileType = folder.assetcatalog; path = Assets.xcassets; sourceTree = "<group>"; };
		CC2CF61F2142CDAE00F9EDB6 /* Base */ = {isa = PBXFileReference; lastKnownFileType = file.storyboard; name = Base; path = Base.lproj/LaunchScreen.storyboard; sourceTree = "<group>"; };
		CC2CF6212142CDAE00F9EDB6 /* Info.plist */ = {isa = PBXFileReference; lastKnownFileType = text.plist.xml; path = Info.plist; sourceTree = "<group>"; };
		CC2CF6272142CFDC00F9EDB6 /* CategoryTableViewController.swift */ = {isa = PBXFileReference; lastKnownFileType = sourcecode.swift; path = CategoryTableViewController.swift; sourceTree = "<group>"; };
		CC2CF62C2142D24C00F9EDB6 /* Category.swift */ = {isa = PBXFileReference; lastKnownFileType = sourcecode.swift; path = Category.swift; sourceTree = "<group>"; };
		CC2CF62E2142DF9000F9EDB6 /* AddCategoryViewController.swift */ = {isa = PBXFileReference; lastKnownFileType = sourcecode.swift; path = AddCategoryViewController.swift; sourceTree = "<group>"; };
		CC51DEB321456423005CCC7A /* images */ = {isa = PBXFileReference; lastKnownFileType = folder; path = images; sourceTree = "<group>"; };
		CC5471C82145127000C8F9D1 /* CurrentItemViewController.swift */ = {isa = PBXFileReference; lastKnownFileType = sourcecode.swift; path = CurrentItemViewController.swift; sourceTree = "<group>"; };
		CC5471CA214516F400C8F9D1 /* AddItemViewController.swift */ = {isa = PBXFileReference; lastKnownFileType = sourcecode.swift; path = AddItemViewController.swift; sourceTree = "<group>"; };
		CC5471CC214531E200C8F9D1 /* EditCurrentItemViewController.swift */ = {isa = PBXFileReference; lastKnownFileType = sourcecode.swift; path = EditCurrentItemViewController.swift; sourceTree = "<group>"; };
		CC6C73ED214666FF00ED3D12 /* ItemTableViewCell.swift */ = {isa = PBXFileReference; lastKnownFileType = sourcecode.swift; path = ItemTableViewCell.swift; sourceTree = "<group>"; };
		CC6C73EF2146B13F00ED3D12 /* timerDone.mp3 */ = {isa = PBXFileReference; lastKnownFileType = audio.mp3; path = timerDone.mp3; sourceTree = "<group>"; };
		CCA10CE3214AC64300051BF5 /* DoneCategoryTableViewController.swift */ = {isa = PBXFileReference; lastKnownFileType = sourcecode.swift; path = DoneCategoryTableViewController.swift; sourceTree = "<group>"; };
		CCA10CE5214ACB1A00051BF5 /* DoneItemTableViewController.swift */ = {isa = PBXFileReference; lastKnownFileType = sourcecode.swift; path = DoneItemTableViewController.swift; sourceTree = "<group>"; };
/* End PBXFileReference section */

/* Begin PBXFrameworksBuildPhase section */
		CC124B9F220EFC94009D9B77 /* Frameworks */ = {
			isa = PBXFrameworksBuildPhase;
			buildActionMask = 2147483647;
			files = (
			);
			runOnlyForDeploymentPostprocessing = 0;
		};
		CC2CF60F2142CDAC00F9EDB6 /* Frameworks */ = {
			isa = PBXFrameworksBuildPhase;
			buildActionMask = 2147483647;
			files = (
				B2B9658BC98BA82968A5D1FB /* Pods_Limited.framework in Frameworks */,
			);
			runOnlyForDeploymentPostprocessing = 0;
		};
/* End PBXFrameworksBuildPhase section */

/* Begin PBXGroup section */
		81AE132352806106A2585345 /* Frameworks */ = {
			isa = PBXGroup;
			children = (
				329047DAB64153E3DA3FBECC /* Pods_Limited.framework */,
			);
			name = Frameworks;
			sourceTree = "<group>";
		};
		CC124BA3220EFC94009D9B77 /* LimitedTests */ = {
			isa = PBXGroup;
			children = (
				CC124BA4220EFC94009D9B77 /* LimitedTests.swift */,
				CC124BA6220EFC94009D9B77 /* Info.plist */,
			);
			path = LimitedTests;
			sourceTree = "<group>";
		};
		CC124BAC220EFD8A009D9B77 /* Extensions */ = {
			isa = PBXGroup;
			children = (
				CC124BAD220EFD95009D9B77 /* UIColorExtensions.swift */,
				CC124BAF220EFE20009D9B77 /* UIViewControllerExtensions.swift */,
			);
			path = Extensions;
			sourceTree = "<group>";
		};
		CC124BB1220F0044009D9B77 /* UI */ = {
			isa = PBXGroup;
			children = (
				CC6C73ED214666FF00ED3D12 /* ItemTableViewCell.swift */,
			);
			path = UI;
			sourceTree = "<group>";
		};
		CC124BB2220F0052009D9B77 /* Other */ = {
			isa = PBXGroup;
			children = (
				CC2CF6152142CDAC00F9EDB6 /* AppDelegate.swift */,
			);
			path = Other;
			sourceTree = "<group>";
		};
		CC124BB3220F0081009D9B77 /* Assets */ = {
			isa = PBXGroup;
			children = (
				CC51DEB321456423005CCC7A /* images */,
				CC6C73F12146B14400ED3D12 /* sounds */,
				CC2CF61C2142CDAE00F9EDB6 /* Assets.xcassets */,
			);
			path = Assets;
			sourceTree = "<group>";
		};
		CC2CF6092142CDAC00F9EDB6 = {
			isa = PBXGroup;
			children = (
				CC2CF6142142CDAC00F9EDB6 /* Limited */,
				CC124BA3220EFC94009D9B77 /* LimitedTests */,
				CC124BB3220F0081009D9B77 /* Assets */,
				CC124BB2220F0052009D9B77 /* Other */,
				CC124BB1220F0044009D9B77 /* UI */,
				CC124BAC220EFD8A009D9B77 /* Extensions */,
				CC2CF6132142CDAC00F9EDB6 /* Products */,
				CD85D90584A304E99A7860B8 /* Pods */,
				81AE132352806106A2585345 /* Frameworks */,
			);
			sourceTree = "<group>";
		};
		CC2CF6132142CDAC00F9EDB6 /* Products */ = {
			isa = PBXGroup;
			children = (
				CC2CF6122142CDAC00F9EDB6 /* Limited.app */,
				CC124BA2220EFC94009D9B77 /* LimitedTests.xctest */,
			);
			name = Products;
			sourceTree = "<group>";
		};
		CC2CF6142142CDAC00F9EDB6 /* Limited */ = {
			isa = PBXGroup;
			children = (
				CC2CF6212142CDAE00F9EDB6 /* Info.plist */,
				CC2CF6292142D04B00F9EDB6 /* Controllers */,
				CC2CF62B2142D06B00F9EDB6 /* Data Model */,
				CC2CF62A2142D05C00F9EDB6 /* Views */,
			);
			path = Limited;
			sourceTree = "<group>";
		};
		CC2CF6292142D04B00F9EDB6 /* Controllers */ = {
			isa = PBXGroup;
			children = (
				CC2CF6272142CFDC00F9EDB6 /* CategoryTableViewController.swift */,
				CC2CF62E2142DF9000F9EDB6 /* AddCategoryViewController.swift */,
				CC009FF12144474200E5AFF7 /* ItemTableViewController.swift */,
				CC5471CA214516F400C8F9D1 /* AddItemViewController.swift */,
				CC5471C82145127000C8F9D1 /* CurrentItemViewController.swift */,
				CC5471CC214531E200C8F9D1 /* EditCurrentItemViewController.swift */,
				CCA10CE3214AC64300051BF5 /* DoneCategoryTableViewController.swift */,
				CCA10CE5214ACB1A00051BF5 /* DoneItemTableViewController.swift */,
			);
			path = Controllers;
			sourceTree = "<group>";
		};
		CC2CF62A2142D05C00F9EDB6 /* Views */ = {
			isa = PBXGroup;
			children = (
				CC2CF61E2142CDAE00F9EDB6 /* LaunchScreen.storyboard */,
				CC2CF6192142CDAC00F9EDB6 /* Main.storyboard */,
			);
			path = Views;
			sourceTree = "<group>";
		};
		CC2CF62B2142D06B00F9EDB6 /* Data Model */ = {
			isa = PBXGroup;
			children = (
				CC2CF62C2142D24C00F9EDB6 /* Category.swift */,
				CC009FEF2144463100E5AFF7 /* Item.swift */,
			);
			path = "Data Model";
			sourceTree = "<group>";
		};
		CC6C73F12146B14400ED3D12 /* sounds */ = {
			isa = PBXGroup;
			children = (
				CC6C73EF2146B13F00ED3D12 /* timerDone.mp3 */,
			);
			path = sounds;
			sourceTree = "<group>";
		};
		CD85D90584A304E99A7860B8 /* Pods */ = {
			isa = PBXGroup;
			children = (
				A05D9ADF780CA21B7376459A /* Pods-Limited.debug.xcconfig */,
				BB244934E684618C87250286 /* Pods-Limited.release.xcconfig */,
			);
			name = Pods;
			sourceTree = "<group>";
		};
/* End PBXGroup section */

/* Begin PBXNativeTarget section */
		CC124BA1220EFC94009D9B77 /* LimitedTests */ = {
			isa = PBXNativeTarget;
			buildConfigurationList = CC124BAB220EFC94009D9B77 /* Build configuration list for PBXNativeTarget "LimitedTests" */;
			buildPhases = (
				CC124B9E220EFC94009D9B77 /* Sources */,
				CC124B9F220EFC94009D9B77 /* Frameworks */,
				CC124BA0220EFC94009D9B77 /* Resources */,
			);
			buildRules = (
			);
			dependencies = (
				CC124BA8220EFC94009D9B77 /* PBXTargetDependency */,
			);
			name = LimitedTests;
			productName = LimitedTests;
			productReference = CC124BA2220EFC94009D9B77 /* LimitedTests.xctest */;
			productType = "com.apple.product-type.bundle.unit-test";
		};
		CC2CF6112142CDAC00F9EDB6 /* Limited */ = {
			isa = PBXNativeTarget;
			buildConfigurationList = CC2CF6242142CDAE00F9EDB6 /* Build configuration list for PBXNativeTarget "Limited" */;
			buildPhases = (
				8E172BC103AA940FBB0506BA /* [CP] Check Pods Manifest.lock */,
				CC2CF60E2142CDAC00F9EDB6 /* Sources */,
				CC2CF60F2142CDAC00F9EDB6 /* Frameworks */,
				CC2CF6102142CDAC00F9EDB6 /* Resources */,
				B98CD5B0B91278D969081888 /* [CP] Embed Pods Frameworks */,
			);
			buildRules = (
			);
			dependencies = (
			);
			name = Limited;
			productName = Limited;
			productReference = CC2CF6122142CDAC00F9EDB6 /* Limited.app */;
			productType = "com.apple.product-type.application";
		};
/* End PBXNativeTarget section */

/* Begin PBXProject section */
		CC2CF60A2142CDAC00F9EDB6 /* Project object */ = {
			isa = PBXProject;
			attributes = {
				LastSwiftUpdateCheck = 1010;
				LastUpgradeCheck = 0940;
				ORGANIZATIONNAME = "Rachel Polachova";
				TargetAttributes = {
					CC124BA1220EFC94009D9B77 = {
						CreatedOnToolsVersion = 10.1;
						TestTargetID = CC2CF6112142CDAC00F9EDB6;
					};
					CC2CF6112142CDAC00F9EDB6 = {
						CreatedOnToolsVersion = 9.4.1;
					};
				};
			};
			buildConfigurationList = CC2CF60D2142CDAC00F9EDB6 /* Build configuration list for PBXProject "Limited" */;
			compatibilityVersion = "Xcode 9.3";
			developmentRegion = en;
			hasScannedForEncodings = 0;
			knownRegions = (
				en,
				Base,
			);
			mainGroup = CC2CF6092142CDAC00F9EDB6;
			productRefGroup = CC2CF6132142CDAC00F9EDB6 /* Products */;
			projectDirPath = "";
			projectRoot = "";
			targets = (
				CC2CF6112142CDAC00F9EDB6 /* Limited */,
				CC124BA1220EFC94009D9B77 /* LimitedTests */,
			);
		};
/* End PBXProject section */

/* Begin PBXResourcesBuildPhase section */
		CC124BA0220EFC94009D9B77 /* Resources */ = {
			isa = PBXResourcesBuildPhase;
			buildActionMask = 2147483647;
			files = (
			);
			runOnlyForDeploymentPostprocessing = 0;
		};
		CC2CF6102142CDAC00F9EDB6 /* Resources */ = {
			isa = PBXResourcesBuildPhase;
			buildActionMask = 2147483647;
			files = (
				CC6C73F02146B13F00ED3D12 /* timerDone.mp3 in Resources */,
				CC51DEB421456423005CCC7A /* images in Resources */,
				CC2CF6202142CDAE00F9EDB6 /* LaunchScreen.storyboard in Resources */,
				CC2CF61D2142CDAE00F9EDB6 /* Assets.xcassets in Resources */,
				CC2CF61B2142CDAC00F9EDB6 /* Main.storyboard in Resources */,
			);
			runOnlyForDeploymentPostprocessing = 0;
		};
/* End PBXResourcesBuildPhase section */

/* Begin PBXShellScriptBuildPhase section */
		8E172BC103AA940FBB0506BA /* [CP] Check Pods Manifest.lock */ = {
			isa = PBXShellScriptBuildPhase;
			buildActionMask = 2147483647;
			files = (
			);
			inputPaths = (
				"${PODS_PODFILE_DIR_PATH}/Podfile.lock",
				"${PODS_ROOT}/Manifest.lock",
			);
			name = "[CP] Check Pods Manifest.lock";
			outputPaths = (
				"$(DERIVED_FILE_DIR)/Pods-Limited-checkManifestLockResult.txt",
			);
			runOnlyForDeploymentPostprocessing = 0;
			shellPath = /bin/sh;
			shellScript = "diff \"${PODS_PODFILE_DIR_PATH}/Podfile.lock\" \"${PODS_ROOT}/Manifest.lock\" > /dev/null\nif [ $? != 0 ] ; then\n    # print error to STDERR\n    echo \"error: The sandbox is not in sync with the Podfile.lock. Run 'pod install' or update your CocoaPods installation.\" >&2\n    exit 1\nfi\n# This output is used by Xcode 'outputs' to avoid re-running this script phase.\necho \"SUCCESS\" > \"${SCRIPT_OUTPUT_FILE_0}\"\n";
			showEnvVarsInLog = 0;
		};
		B98CD5B0B91278D969081888 /* [CP] Embed Pods Frameworks */ = {
			isa = PBXShellScriptBuildPhase;
			buildActionMask = 2147483647;
			files = (
			);
			inputPaths = (
				"${SRCROOT}/Pods/Target Support Files/Pods-Limited/Pods-Limited-frameworks.sh",
				"${BUILT_PRODUCTS_DIR}/Realm/Realm.framework",
				"${BUILT_PRODUCTS_DIR}/RealmSwift/RealmSwift.framework",
			);
			name = "[CP] Embed Pods Frameworks";
			outputPaths = (
				"${TARGET_BUILD_DIR}/${FRAMEWORKS_FOLDER_PATH}/Realm.framework",
				"${TARGET_BUILD_DIR}/${FRAMEWORKS_FOLDER_PATH}/RealmSwift.framework",
			);
			runOnlyForDeploymentPostprocessing = 0;
			shellPath = /bin/sh;
			shellScript = "\"${SRCROOT}/Pods/Target Support Files/Pods-Limited/Pods-Limited-frameworks.sh\"\n";
			showEnvVarsInLog = 0;
		};
/* End PBXShellScriptBuildPhase section */

/* Begin PBXSourcesBuildPhase section */
		CC124B9E220EFC94009D9B77 /* Sources */ = {
			isa = PBXSourcesBuildPhase;
			buildActionMask = 2147483647;
			files = (
				CC124BA5220EFC94009D9B77 /* LimitedTests.swift in Sources */,
			);
			runOnlyForDeploymentPostprocessing = 0;
		};
		CC2CF60E2142CDAC00F9EDB6 /* Sources */ = {
			isa = PBXSourcesBuildPhase;
			buildActionMask = 2147483647;
			files = (
				CC009FF02144463100E5AFF7 /* Item.swift in Sources */,
				CC5471C92145127000C8F9D1 /* CurrentItemViewController.swift in Sources */,
				CC6C73EE214666FF00ED3D12 /* ItemTableViewCell.swift in Sources */,
				CC5471CD214531E200C8F9D1 /* EditCurrentItemViewController.swift in Sources */,
				CCA10CE6214ACB1A00051BF5 /* DoneItemTableViewController.swift in Sources */,
				CCA10CE4214AC64300051BF5 /* DoneCategoryTableViewController.swift in Sources */,
				CC124BB0220EFE20009D9B77 /* UIViewControllerExtensions.swift in Sources */,
				CC2CF62F2142DF9000F9EDB6 /* AddCategoryViewController.swift in Sources */,
				CC2CF6162142CDAC00F9EDB6 /* AppDelegate.swift in Sources */,
				CC2CF6282142CFDC00F9EDB6 /* CategoryTableViewController.swift in Sources */,
				CC124BAE220EFD95009D9B77 /* UIColorExtensions.swift in Sources */,
				CC5471CB214516F400C8F9D1 /* AddItemViewController.swift in Sources */,
				CC009FF22144474200E5AFF7 /* ItemTableViewController.swift in Sources */,
				CC2CF62D2142D24C00F9EDB6 /* Category.swift in Sources */,
			);
			runOnlyForDeploymentPostprocessing = 0;
		};
/* End PBXSourcesBuildPhase section */

/* Begin PBXTargetDependency section */
		CC124BA8220EFC94009D9B77 /* PBXTargetDependency */ = {
			isa = PBXTargetDependency;
			target = CC2CF6112142CDAC00F9EDB6 /* Limited */;
			targetProxy = CC124BA7220EFC94009D9B77 /* PBXContainerItemProxy */;
		};
/* End PBXTargetDependency section */

/* Begin PBXVariantGroup section */
		CC2CF6192142CDAC00F9EDB6 /* Main.storyboard */ = {
			isa = PBXVariantGroup;
			children = (
				CC2CF61A2142CDAC00F9EDB6 /* Base */,
			);
			name = Main.storyboard;
			sourceTree = "<group>";
		};
		CC2CF61E2142CDAE00F9EDB6 /* LaunchScreen.storyboard */ = {
			isa = PBXVariantGroup;
			children = (
				CC2CF61F2142CDAE00F9EDB6 /* Base */,
			);
			name = LaunchScreen.storyboard;
			sourceTree = "<group>";
		};
/* End PBXVariantGroup section */

/* Begin XCBuildConfiguration section */
		CC124BA9220EFC94009D9B77 /* Debug */ = {
			isa = XCBuildConfiguration;
			buildSettings = {
				BUNDLE_LOADER = "$(TEST_HOST)";
				CODE_SIGN_STYLE = Automatic;
				DEVELOPMENT_TEAM = MK6NLH3LG7;
				INFOPLIST_FILE = LimitedTests/Info.plist;
				IPHONEOS_DEPLOYMENT_TARGET = 12.1;
				LD_RUNPATH_SEARCH_PATHS = (
					"$(inherited)",
					"@executable_path/Frameworks",
					"@loader_path/Frameworks",
				);
				MTL_ENABLE_DEBUG_INFO = INCLUDE_SOURCE;
				MTL_FAST_MATH = YES;
				PRODUCT_BUNDLE_IDENTIFIER = com.rachelpolachova.LimitedTests;
				PRODUCT_NAME = "$(TARGET_NAME)";
				SWIFT_VERSION = 4.2;
				TARGETED_DEVICE_FAMILY = "1,2";
				TEST_HOST = "$(BUILT_PRODUCTS_DIR)/Limited.app/Limited";
			};
			name = Debug;
		};
		CC124BAA220EFC94009D9B77 /* Release */ = {
			isa = XCBuildConfiguration;
			buildSettings = {
				BUNDLE_LOADER = "$(TEST_HOST)";
				CODE_SIGN_STYLE = Automatic;
				DEVELOPMENT_TEAM = MK6NLH3LG7;
				INFOPLIST_FILE = LimitedTests/Info.plist;
				IPHONEOS_DEPLOYMENT_TARGET = 12.1;
				LD_RUNPATH_SEARCH_PATHS = (
					"$(inherited)",
					"@executable_path/Frameworks",
					"@loader_path/Frameworks",
				);
				MTL_FAST_MATH = YES;
				PRODUCT_BUNDLE_IDENTIFIER = com.rachelpolachova.LimitedTests;
				PRODUCT_NAME = "$(TARGET_NAME)";
				SWIFT_VERSION = 4.2;
				TARGETED_DEVICE_FAMILY = "1,2";
				TEST_HOST = "$(BUILT_PRODUCTS_DIR)/Limited.app/Limited";
			};
			name = Release;
		};
		CC2CF6222142CDAE00F9EDB6 /* Debug */ = {
			isa = XCBuildConfiguration;
			buildSettings = {
				ALWAYS_SEARCH_USER_PATHS = NO;
				CLANG_ANALYZER_NONNULL = YES;
				CLANG_ANALYZER_NUMBER_OBJECT_CONVERSION = YES_AGGRESSIVE;
				CLANG_CXX_LANGUAGE_STANDARD = "gnu++14";
				CLANG_CXX_LIBRARY = "libc++";
				CLANG_ENABLE_MODULES = YES;
				CLANG_ENABLE_OBJC_ARC = YES;
				CLANG_ENABLE_OBJC_WEAK = YES;
				CLANG_WARN_BLOCK_CAPTURE_AUTORELEASING = YES;
				CLANG_WARN_BOOL_CONVERSION = YES;
				CLANG_WARN_COMMA = YES;
				CLANG_WARN_CONSTANT_CONVERSION = YES;
				CLANG_WARN_DEPRECATED_OBJC_IMPLEMENTATIONS = YES;
				CLANG_WARN_DIRECT_OBJC_ISA_USAGE = YES_ERROR;
				CLANG_WARN_DOCUMENTATION_COMMENTS = YES;
				CLANG_WARN_EMPTY_BODY = YES;
				CLANG_WARN_ENUM_CONVERSION = YES;
				CLANG_WARN_INFINITE_RECURSION = YES;
				CLANG_WARN_INT_CONVERSION = YES;
				CLANG_WARN_NON_LITERAL_NULL_CONVERSION = YES;
				CLANG_WARN_OBJC_IMPLICIT_RETAIN_SELF = YES;
				CLANG_WARN_OBJC_LITERAL_CONVERSION = YES;
				CLANG_WARN_OBJC_ROOT_CLASS = YES_ERROR;
				CLANG_WARN_RANGE_LOOP_ANALYSIS = YES;
				CLANG_WARN_STRICT_PROTOTYPES = YES;
				CLANG_WARN_SUSPICIOUS_MOVE = YES;
				CLANG_WARN_UNGUARDED_AVAILABILITY = YES_AGGRESSIVE;
				CLANG_WARN_UNREACHABLE_CODE = YES;
				CLANG_WARN__DUPLICATE_METHOD_MATCH = YES;
				CODE_SIGN_IDENTITY = "iPhone Developer";
				COPY_PHASE_STRIP = NO;
				DEBUG_INFORMATION_FORMAT = dwarf;
				ENABLE_STRICT_OBJC_MSGSEND = YES;
				ENABLE_TESTABILITY = YES;
				GCC_C_LANGUAGE_STANDARD = gnu11;
				GCC_DYNAMIC_NO_PIC = NO;
				GCC_NO_COMMON_BLOCKS = YES;
				GCC_OPTIMIZATION_LEVEL = 0;
				GCC_PREPROCESSOR_DEFINITIONS = (
					"DEBUG=1",
					"$(inherited)",
				);
				GCC_WARN_64_TO_32_BIT_CONVERSION = YES;
				GCC_WARN_ABOUT_RETURN_TYPE = YES_ERROR;
				GCC_WARN_UNDECLARED_SELECTOR = YES;
				GCC_WARN_UNINITIALIZED_AUTOS = YES_AGGRESSIVE;
				GCC_WARN_UNUSED_FUNCTION = YES;
				GCC_WARN_UNUSED_VARIABLE = YES;
				IPHONEOS_DEPLOYMENT_TARGET = 11.4;
				MTL_ENABLE_DEBUG_INFO = YES;
				ONLY_ACTIVE_ARCH = YES;
				SDKROOT = iphoneos;
				SWIFT_ACTIVE_COMPILATION_CONDITIONS = DEBUG;
				SWIFT_OPTIMIZATION_LEVEL = "-Onone";
			};
			name = Debug;
		};
		CC2CF6232142CDAE00F9EDB6 /* Release */ = {
			isa = XCBuildConfiguration;
			buildSettings = {
				ALWAYS_SEARCH_USER_PATHS = NO;
				CLANG_ANALYZER_NONNULL = YES;
				CLANG_ANALYZER_NUMBER_OBJECT_CONVERSION = YES_AGGRESSIVE;
				CLANG_CXX_LANGUAGE_STANDARD = "gnu++14";
				CLANG_CXX_LIBRARY = "libc++";
				CLANG_ENABLE_MODULES = YES;
				CLANG_ENABLE_OBJC_ARC = YES;
				CLANG_ENABLE_OBJC_WEAK = YES;
				CLANG_WARN_BLOCK_CAPTURE_AUTORELEASING = YES;
				CLANG_WARN_BOOL_CONVERSION = YES;
				CLANG_WARN_COMMA = YES;
				CLANG_WARN_CONSTANT_CONVERSION = YES;
				CLANG_WARN_DEPRECATED_OBJC_IMPLEMENTATIONS = YES;
				CLANG_WARN_DIRECT_OBJC_ISA_USAGE = YES_ERROR;
				CLANG_WARN_DOCUMENTATION_COMMENTS = YES;
				CLANG_WARN_EMPTY_BODY = YES;
				CLANG_WARN_ENUM_CONVERSION = YES;
				CLANG_WARN_INFINITE_RECURSION = YES;
				CLANG_WARN_INT_CONVERSION = YES;
				CLANG_WARN_NON_LITERAL_NULL_CONVERSION = YES;
				CLANG_WARN_OBJC_IMPLICIT_RETAIN_SELF = YES;
				CLANG_WARN_OBJC_LITERAL_CONVERSION = YES;
				CLANG_WARN_OBJC_ROOT_CLASS = YES_ERROR;
				CLANG_WARN_RANGE_LOOP_ANALYSIS = YES;
				CLANG_WARN_STRICT_PROTOTYPES = YES;
				CLANG_WARN_SUSPICIOUS_MOVE = YES;
				CLANG_WARN_UNGUARDED_AVAILABILITY = YES_AGGRESSIVE;
				CLANG_WARN_UNREACHABLE_CODE = YES;
				CLANG_WARN__DUPLICATE_METHOD_MATCH = YES;
				CODE_SIGN_IDENTITY = "iPhone Developer";
				COPY_PHASE_STRIP = NO;
				DEBUG_INFORMATION_FORMAT = "dwarf-with-dsym";
				ENABLE_NS_ASSERTIONS = NO;
				ENABLE_STRICT_OBJC_MSGSEND = YES;
				GCC_C_LANGUAGE_STANDARD = gnu11;
				GCC_NO_COMMON_BLOCKS = YES;
				GCC_WARN_64_TO_32_BIT_CONVERSION = YES;
				GCC_WARN_ABOUT_RETURN_TYPE = YES_ERROR;
				GCC_WARN_UNDECLARED_SELECTOR = YES;
				GCC_WARN_UNINITIALIZED_AUTOS = YES_AGGRESSIVE;
				GCC_WARN_UNUSED_FUNCTION = YES;
				GCC_WARN_UNUSED_VARIABLE = YES;
				IPHONEOS_DEPLOYMENT_TARGET = 11.4;
				MTL_ENABLE_DEBUG_INFO = NO;
				SDKROOT = iphoneos;
				SWIFT_COMPILATION_MODE = wholemodule;
				SWIFT_OPTIMIZATION_LEVEL = "-O";
				VALIDATE_PRODUCT = YES;
			};
			name = Release;
		};
		CC2CF6252142CDAE00F9EDB6 /* Debug */ = {
			isa = XCBuildConfiguration;
			baseConfigurationReference = A05D9ADF780CA21B7376459A /* Pods-Limited.debug.xcconfig */;
			buildSettings = {
				ASSETCATALOG_COMPILER_APPICON_NAME = AppIcon;
				CODE_SIGN_STYLE = Automatic;
				DEVELOPMENT_TEAM = MK6NLH3LG7;
				INFOPLIST_FILE = Limited/Info.plist;
				LD_RUNPATH_SEARCH_PATHS = (
					"$(inherited)",
					"@executable_path/Frameworks",
				);
				PRODUCT_BUNDLE_IDENTIFIER = com.rachelpolachova.Limited;
				PRODUCT_NAME = "$(TARGET_NAME)";
				SWIFT_VERSION = 4.0;
				TARGETED_DEVICE_FAMILY = "1,2";
			};
			name = Debug;
		};
		CC2CF6262142CDAE00F9EDB6 /* Release */ = {
			isa = XCBuildConfiguration;
			baseConfigurationReference = BB244934E684618C87250286 /* Pods-Limited.release.xcconfig */;
			buildSettings = {
				ASSETCATALOG_COMPILER_APPICON_NAME = AppIcon;
				CODE_SIGN_STYLE = Automatic;
				DEVELOPMENT_TEAM = MK6NLH3LG7;
				INFOPLIST_FILE = Limited/Info.plist;
				LD_RUNPATH_SEARCH_PATHS = (
					"$(inherited)",
					"@executable_path/Frameworks",
				);
				PRODUCT_BUNDLE_IDENTIFIER = com.rachelpolachova.Limited;
				PRODUCT_NAME = "$(TARGET_NAME)";
				SWIFT_VERSION = 4.0;
				TARGETED_DEVICE_FAMILY = "1,2";
			};
			name = Release;
		};
/* End XCBuildConfiguration section */

/* Begin XCConfigurationList section */
		CC124BAB220EFC94009D9B77 /* Build configuration list for PBXNativeTarget "LimitedTests" */ = {
			isa = XCConfigurationList;
			buildConfigurations = (
				CC124BA9220EFC94009D9B77 /* Debug */,
				CC124BAA220EFC94009D9B77 /* Release */,
			);
			defaultConfigurationIsVisible = 0;
			defaultConfigurationName = Release;
		};
		CC2CF60D2142CDAC00F9EDB6 /* Build configuration list for PBXProject "Limited" */ = {
			isa = XCConfigurationList;
			buildConfigurations = (
				CC2CF6222142CDAE00F9EDB6 /* Debug */,
				CC2CF6232142CDAE00F9EDB6 /* Release */,
			);
			defaultConfigurationIsVisible = 0;
			defaultConfigurationName = Release;
		};
		CC2CF6242142CDAE00F9EDB6 /* Build configuration list for PBXNativeTarget "Limited" */ = {
			isa = XCConfigurationList;
			buildConfigurations = (
				CC2CF6252142CDAE00F9EDB6 /* Debug */,
				CC2CF6262142CDAE00F9EDB6 /* Release */,
			);
			defaultConfigurationIsVisible = 0;
			defaultConfigurationName = Release;
		};
/* End XCConfigurationList section */
	};
	rootObject = CC2CF60A2142CDAC00F9EDB6 /* Project object */;
}
